
Microsoft Visual Studio Solution File, Format Version 12.00
# Visual Studio 15
VisualStudioVersion = 15.0.28307.136
MinimumVisualStudioVersion = 10.0.40219.1
Project("{FAE04EC0-301F-11D3-BF4B-00C04F79EFBC}") = "HexArch.Web", "HexArch.Web\HexArch.Web.csproj", "{D91BF3E5-8EC4-4B99-A0A6-67650B9D1065}"
EndProject
Project("{FAE04EC0-301F-11D3-BF4B-00C04F79EFBC}") = "HexArch.Domain", "HexArch.Domain\HexArch.Domain.csproj", "{EF52E5B4-A76D-40D4-961C-40BDBDF270E2}"
EndProject
Project("{FAE04EC0-301F-11D3-BF4B-00C04F79EFBC}") = "HexArch.Infrastructure", "HexArch.Infrastructure\HexArch.Infrastructure.csproj", "{2B2C802E-B08D-475D-B579-6474987229FD}"
EndProject
Global
	GlobalSection(SolutionConfigurationPlatforms) = preSolution
		Debug|Any CPU = Debug|Any CPU
		Release|Any CPU = Release|Any CPU
	EndGlobalSection
	GlobalSection(ProjectConfigurationPlatforms) = postSolution
		{D91BF3E5-8EC4-4B99-A0A6-67650B9D1065}.Debug|Any CPU.ActiveCfg = Debug|Any CPU
		{D91BF3E5-8EC4-4B99-A0A6-67650B9D1065}.Debug|Any CPU.Build.0 = Debug|Any CPU
		{D91BF3E5-8EC4-4B99-A0A6-67650B9D1065}.Release|Any CPU.ActiveCfg = Release|Any CPU
		{D91BF3E5-8EC4-4B99-A0A6-67650B9D1065}.Release|Any CPU.Build.0 = Release|Any CPU
		{EF52E5B4-A76D-40D4-961C-40BDBDF270E2}.Debug|Any CPU.ActiveCfg = Debug|Any CPU
		{EF52E5B4-A76D-40D4-961C-40BDBDF270E2}.Debug|Any CPU.Build.0 = Debug|Any CPU
		{EF52E5B4-A76D-40D4-961C-40BDBDF270E2}.Release|Any CPU.ActiveCfg = Release|Any CPU
		{EF52E5B4-A76D-40D4-961C-40BDBDF270E2}.Release|Any CPU.Build.0 = Release|Any CPU
		{2B2C802E-B08D-475D-B579-6474987229FD}.Debug|Any CPU.ActiveCfg = Debug|Any CPU
		{2B2C802E-B08D-475D-B579-6474987229FD}.Debug|Any CPU.Build.0 = Debug|Any CPU
		{2B2C802E-B08D-475D-B579-6474987229FD}.Release|Any CPU.ActiveCfg = Release|Any CPU
		{2B2C802E-B08D-475D-B579-6474987229FD}.Release|Any CPU.Build.0 = Release|Any CPU
	EndGlobalSection
	GlobalSection(SolutionProperties) = preSolution
		HideSolutionNode = FALSE
	EndGlobalSection
	GlobalSection(ExtensibilityGlobals) = postSolution
		SolutionGuid = {1A4B381E-D027-4374-AB45-7D507DD156DF}
	EndGlobalSection
EndGlobal
